github.com/CaiJimmy/hugo-theme-stack/v3 v3.13.0 h1:59xw34lWmzKrBOxarNBCEN5nR2EA0A4CDCN3yc1vFP0=
github.com/CaiJimmy/hugo-theme-stack/v3 v3.13.0/go.mod h1:IPmCXiIxlFSLFYS0tOmYP6ySLviyeNVSabyvSuaxD+I=
github.com/OMSTest/omstest-theme v0.0.0-20220824123636-61aa912b4a97 h1:ehSW4NAePPAKu83q63f/TjQLCRIKUqw0C9j+AyB7yzQ=
github.com/OMSTest/omstest-theme v0.0.0-20220824123636-61aa912b4a97/go.mod h1:VwMZ5X+s9LC8+anqhcudZI7PRef0Jz4I2E8fyjn3Qe0=
github.com/OMSTest/omstest-theme v0.0.0-20220826094136-ffa217b6f64d h1:aqAxFq+GlCOlddsdIgV2zpQYUf2kJPIPF/eKIbEnQWk=
github.com/OMSTest/omstest-theme v0.0.0-20220826094136-ffa217b6f64d/go.mod h1:VwMZ5X+s9LC8+anqhcudZI7PRef0Jz4I2E8fyjn3Qe0=
