github.com/CaiJimmy/hugo-theme-stack/v3 v3.13.0 h1:59xw34lWmzKrBOxarNBCEN5nR2EA0A4CDCN3yc1vFP0=
github.com/CaiJimmy/hugo-theme-stack/v3 v3.13.0/go.mod h1:IPmCXiIxlFSLFYS0tOmYP6ySLviyeNVSabyvSuaxD+I=
github.com/ColorlibHQ/AdminLTE v3.2.1-0.20220712102124-9510278efd24+incompatible h1:LeIcQ/vR0hVEHEwGgQquoYtCyenAFs5ey+gcmSZQXq0=
github.com/ColorlibHQ/AdminLTE v3.2.1-0.20220712102124-9510278efd24+incompatible/go.mod h1:yAKYVzWN8urHz0GbQtEjXA6WxVIjbDcv2sw12Za2w8k=
github.com/OMSTest/omstest-theme v0.0.0-20220830130337-5e711408b56e h1:6O2+Gd/XYVXCzUgIZtHI2XOl+LERTLUki6Mrq4re3uo=
github.com/OMSTest/omstest-theme v0.0.0-20220830130337-5e711408b56e/go.mod h1:S+vvUJXCpnzWfiChWtV7mzMZhsVKyIrK3mdmcQpQV+o=
github.com/OMSTest/omstest-theme v0.0.0-20220830145132-29b5cfb6a572 h1:tcDwlKskWMZCU1+yuTfiz5dUgV2UUHUmYJ+KsuitoGM=
github.com/OMSTest/omstest-theme v0.0.0-20220830145132-29b5cfb6a572/go.mod h1:S+vvUJXCpnzWfiChWtV7mzMZhsVKyIrK3mdmcQpQV+o=
github.com/twbs/bootstrap v4.6.2+incompatible h1:TDa+R51BTiy1wEHSYjmqDb8LxNl/zaEjAOpRE9Hwh/o=
github.com/twbs/bootstrap v4.6.2+incompatible/go.mod h1:fZTSrkpSf0/HkL0IIJzvVspTt1r9zuf7XlZau8kpcY0=
github.com/twbs/bootstrap v5.2.0+incompatible h1:vQ0kzhoIB0GvI21nWFTcuBCVwx9IvK2XvdTHWryVnZc=
github.com/twbs/bootstrap v5.2.0+incompatible/go.mod h1:fZTSrkpSf0/HkL0IIJzvVspTt1r9zuf7XlZau8kpcY0=
github.com/twbs/rfs v8.1.0+incompatible h1:oVwioLeKEj+eoBqzbnnJ1gBRHeodfIiZuVq4hGwpOx8=
github.com/twbs/rfs v8.1.0+incompatible/go.mod h1:mbMdcvcjCRHHt4qGxZ2creZ2xS7uR1x1xA5b+dYgIzo=
github.com/twbs/rfs v9.0.6+incompatible h1:3DOokxkQy9KNVZk3HuSKf/L04Bh9X4j0X/q1eYCzWaM=
github.com/twbs/rfs v9.0.6+incompatible/go.mod h1:mbMdcvcjCRHHt4qGxZ2creZ2xS7uR1x1xA5b+dYgIzo=
