github.com/OMSTest/omstest-theme v0.0.0-20220830190113-26ba63bc0118 h1:8EL//5wUefB/Ai0GbCTrpVFbNcssCCUYSPbM5vtCjFI=
github.com/OMSTest/omstest-theme v0.0.0-20220830190113-26ba63bc0118/go.mod h1:fchU+PAPGikqcjFkMVg/khRC6DgENTMLaNpj5VjDU5Q=
github.com/OMSTest/omstest-theme v0.0.0-20220830191959-4ef52795f546 h1:eIgu5UeCrnzv0yJ1AyOX17kqh7JFhkJu9SPpifVXJgc=
github.com/OMSTest/omstest-theme v0.0.0-20220830191959-4ef52795f546/go.mod h1:fchU+PAPGikqcjFkMVg/khRC6DgENTMLaNpj5VjDU5Q=
github.com/OMSTest/omstest-theme v0.0.0-20220831172251-a153a3473f1f h1:z4ZpPVxdYDknofApXq9+mkibw8v+niUNhuP65AS6Hvs=
github.com/OMSTest/omstest-theme v0.0.0-20220831172251-a153a3473f1f/go.mod h1:fchU+PAPGikqcjFkMVg/khRC6DgENTMLaNpj5VjDU5Q=
